
Microsoft Visual Studio Solution File, Format Version 12.00
# Visual Studio Version 16
VisualStudioVersion = 16.0.30907.101
MinimumVisualStudioVersion = 10.0.40219.1
Project("{FAE04EC0-301F-11D3-BF4B-00C04F79EFBC}") = "FileHandling", "dosyaKlasorİslemleri\FileHandling.csproj", "{708D3ABE-BD39-4FE8-8C54-8D45785793EE}"
EndProject
Global
	GlobalSection(SolutionConfigurationPlatforms) = preSolution
		Debug|Any CPU = Debug|Any CPU
		Release|Any CPU = Release|Any CPU
	EndGlobalSection
	GlobalSection(ProjectConfigurationPlatforms) = postSolution
		{708D3ABE-BD39-4FE8-8C54-8D45785793EE}.Debug|Any CPU.ActiveCfg = Debug|Any CPU
		{708D3ABE-BD39-4FE8-8C54-8D45785793EE}.Debug|Any CPU.Build.0 = Debug|Any CPU
		{708D3ABE-BD39-4FE8-8C54-8D45785793EE}.Release|Any CPU.ActiveCfg = Release|Any CPU
		{708D3ABE-BD39-4FE8-8C54-8D45785793EE}.Release|Any CPU.Build.0 = Release|Any CPU
	EndGlobalSection
	GlobalSection(SolutionProperties) = preSolution
		HideSolutionNode = FALSE
	EndGlobalSection
	GlobalSection(ExtensibilityGlobals) = postSolution
		SolutionGuid = {856ABFC0-E1E2-41B7-BCA3-F99E023AAB49}
	EndGlobalSection
EndGlobal
